// !$*UTF8*$!
{
	archiveVersion = 1;
	classes = {
	};
	objectVersion = 46;
	objects = {

/* Begin PBXBuildFile section */
		B005207919694BD1005C07E0 /* SwiftString.swift in Sources */ = {isa = PBXBuildFile; fileRef = B005207819694BD1005C07E0 /* SwiftString.swift */; };
		B0B31062196AF05D00485D2E /* ControlFlow.swift in Sources */ = {isa = PBXBuildFile; fileRef = B0B31061196AF05D00485D2E /* ControlFlow.swift */; };
		D30DA910196E721F0060107A /* Closures.swift in Sources */ = {isa = PBXBuildFile; fileRef = D30DA90F196E721F0060107A /* Closures.swift */; };
		D30DA912196E74C10060107A /* Enumerations.swift in Sources */ = {isa = PBXBuildFile; fileRef = D30DA911196E74C10060107A /* Enumerations.swift */; };
		D30DA914196E75050060107A /* ClassesAndStructures.swift in Sources */ = {isa = PBXBuildFile; fileRef = D30DA913196E75050060107A /* ClassesAndStructures.swift */; };
		D30DA916196E75290060107A /* Properties.swift in Sources */ = {isa = PBXBuildFile; fileRef = D30DA915196E75290060107A /* Properties.swift */; };
		D30DA918196E75530060107A /* Methods.swift in Sources */ = {isa = PBXBuildFile; fileRef = D30DA917196E75530060107A /* Methods.swift */; };
		D30DA91A196E75800060107A /* Subscripts.swift in Sources */ = {isa = PBXBuildFile; fileRef = D30DA919196E75800060107A /* Subscripts.swift */; };
		D30DA91C196E75DD0060107A /* Inheritance.swift in Sources */ = {isa = PBXBuildFile; fileRef = D30DA91B196E75DD0060107A /* Inheritance.swift */; };
		D30DA91E196E760F0060107A /* Initialization.swift in Sources */ = {isa = PBXBuildFile; fileRef = D30DA91D196E760F0060107A /* Initialization.swift */; };
		D30DA920196E77800060107A /* Deinitialization.swift in Sources */ = {isa = PBXBuildFile; fileRef = D30DA91F196E77800060107A /* Deinitialization.swift */; };
		D30DA922196E77AD0060107A /* SwiftARC.swift in Sources */ = {isa = PBXBuildFile; fileRef = D30DA921196E77AD0060107A /* SwiftARC.swift */; };
		D30DA924196E78250060107A /* OptionalChaining.swift in Sources */ = {isa = PBXBuildFile; fileRef = D30DA923196E78250060107A /* OptionalChaining.swift */; };
		D30DA926196E79990060107A /* TypeCasting.swift in Sources */ = {isa = PBXBuildFile; fileRef = D30DA925196E79990060107A /* TypeCasting.swift */; };
		D30DA928196E79B90060107A /* NestedTypes.swift in Sources */ = {isa = PBXBuildFile; fileRef = D30DA927196E79B90060107A /* NestedTypes.swift */; };
		D30DA92A196E79E90060107A /* Extensions.swift in Sources */ = {isa = PBXBuildFile; fileRef = D30DA929196E79E90060107A /* Extensions.swift */; };
		D30DA92C196E7A3E0060107A /* Protocols.swift in Sources */ = {isa = PBXBuildFile; fileRef = D30DA92B196E7A3E0060107A /* Protocols.swift */; };
		D30DA92E196E7A6D0060107A /* Generics.swift in Sources */ = {isa = PBXBuildFile; fileRef = D30DA92D196E7A6D0060107A /* Generics.swift */; };
		D30DA930196E7ABB0060107A /* AdvancedOperators.swift in Sources */ = {isa = PBXBuildFile; fileRef = D30DA92F196E7ABB0060107A /* AdvancedOperators.swift */; };
		D33E842A193DB97200A8BAF5 /* AppDelegate.swift in Sources */ = {isa = PBXBuildFile; fileRef = D33E8429193DB97200A8BAF5 /* AppDelegate.swift */; };
		D33E842F193DB97200A8BAF5 /* Main.storyboard in Resources */ = {isa = PBXBuildFile; fileRef = D33E842D193DB97200A8BAF5 /* Main.storyboard */; };
		D33E8431193DB97200A8BAF5 /* Images.xcassets in Resources */ = {isa = PBXBuildFile; fileRef = D33E8430193DB97200A8BAF5 /* Images.xcassets */; };
		D33E843D193DB97200A8BAF5 /* csjLoveSwiftTests.swift in Sources */ = {isa = PBXBuildFile; fileRef = D33E843C193DB97200A8BAF5 /* csjLoveSwiftTests.swift */; };
		D3784D2D194987FD00030DC9 /* CSJSwiftRequest.swift in Sources */ = {isa = PBXBuildFile; fileRef = D3784D2C194987FD00030DC9 /* CSJSwiftRequest.swift */; };
		D3784D301949AC4500030DC9 /* Model.xcdatamodeld in Sources */ = {isa = PBXBuildFile; fileRef = D3784D2E1949AC4500030DC9 /* Model.xcdatamodeld */; };
		D38B55BA1963EF7E009A24CA /* EquilateralTriangle.swift in Sources */ = {isa = PBXBuildFile; fileRef = D38B55B51963EF7E009A24CA /* EquilateralTriangle.swift */; };
		D38B55BB1963EF7E009A24CA /* NamedShape.swift in Sources */ = {isa = PBXBuildFile; fileRef = D38B55B61963EF7E009A24CA /* NamedShape.swift */; };
		D38B55BC1963EF7E009A24CA /* Shape.swift in Sources */ = {isa = PBXBuildFile; fileRef = D38B55B71963EF7E009A24CA /* Shape.swift */; };
		D38B55BD1963EF7E009A24CA /* Square.swift in Sources */ = {isa = PBXBuildFile; fileRef = D38B55B81963EF7E009A24CA /* Square.swift */; };
		D38B55BE1963EF7E009A24CA /* TriangleAndSquare.swift in Sources */ = {isa = PBXBuildFile; fileRef = D38B55B91963EF7E009A24CA /* TriangleAndSquare.swift */; };
		D38E7D9E194947B5005FE76E /* ViewController.swift in Sources */ = {isa = PBXBuildFile; fileRef = D38E7D95194947B5005FE76E /* ViewController.swift */; };
		D38E7D9F194947B5005FE76E /* TestViewController.swift in Sources */ = {isa = PBXBuildFile; fileRef = D38E7D9B194947B5005FE76E /* TestViewController.swift */; };
		D38E7DA119494C91005FE76E /* NavGestureViewController.swift in Sources */ = {isa = PBXBuildFile; fileRef = D38E7DA019494C91005FE76E /* NavGestureViewController.swift */; };
		D38E7DA5194981BF005FE76E /* CSJSwiftLog.swift in Sources */ = {isa = PBXBuildFile; fileRef = D38E7DA4194981BF005FE76E /* CSJSwiftLog.swift */; };
		D39C1362199073CD00D5A7CE /* TestBeta5ViewController.swift in Sources */ = {isa = PBXBuildFile; fileRef = D39C1361199073CD00D5A7CE /* TestBeta5ViewController.swift */; };
		D3E3003F196D30B200B5BD4A /* Function.swift in Sources */ = {isa = PBXBuildFile; fileRef = D3E3003E196D30B200B5BD4A /* Function.swift */; };
		D3E9A8DE194AA166004F2A80 /* ThirdViewController.swift in Sources */ = {isa = PBXBuildFile; fileRef = D3E9A8DD194AA166004F2A80 /* ThirdViewController.swift */; };
		D3E9A8E0194AA181004F2A80 /* SettingsViewController.swift in Sources */ = {isa = PBXBuildFile; fileRef = D3E9A8DF194AA181004F2A80 /* SettingsViewController.swift */; };
		D3E9A8E2194AA18E004F2A80 /* SecondViewController.swift in Sources */ = {isa = PBXBuildFile; fileRef = D3E9A8E1194AA18E004F2A80 /* SecondViewController.swift */; };
		D3EBA3BE196BD0D8009D2B2B /* FirstBetaViewController.swift in Sources */ = {isa = PBXBuildFile; fileRef = D3EBA3BD196BD0D8009D2B2B /* FirstBetaViewController.swift */; };
		D3F8436A1965306C008E140E /* ArrayAndDict.swift in Sources */ = {isa = PBXBuildFile; fileRef = D3F843691965306C008E140E /* ArrayAndDict.swift */; };
		D3F8436C19653B5A008E140E /* wwdcRoom102.swift in Sources */ = {isa = PBXBuildFile; fileRef = D3F8436B19653B5A008E140E /* wwdcRoom102.swift */; };
		D3F8436E19653B79008E140E /* CSJSwiftViewController.swift in Sources */ = {isa = PBXBuildFile; fileRef = D3F8436D19653B79008E140E /* CSJSwiftViewController.swift */; };
		D3F8437219654D60008E140E /* SwiftBasis.swift in Sources */ = {isa = PBXBuildFile; fileRef = D3F8437119654D60008E140E /* SwiftBasis.swift */; };
/* End PBXBuildFile section */

/* Begin PBXContainerItemProxy section */
		D33E8437193DB97200A8BAF5 /* PBXContainerItemProxy */ = {
			isa = PBXContainerItemProxy;
			containerPortal = D33E841C193DB97100A8BAF5 /* Project object */;
			proxyType = 1;
			remoteGlobalIDString = D33E8423193DB97200A8BAF5;
			remoteInfo = csjLoveSwift;
		};
/* End PBXContainerItemProxy section */

/* Begin PBXFileReference section */
		B005207819694BD1005C07E0 /* SwiftString.swift */ = {isa = PBXFileReference; fileEncoding = 4; lastKnownFileType = sourcecode.swift; path = SwiftString.swift; sourceTree = "<group>"; };
		B0B31061196AF05D00485D2E /* ControlFlow.swift */ = {isa = PBXFileReference; fileEncoding = 4; lastKnownFileType = sourcecode.swift; path = ControlFlow.swift; sourceTree = "<group>"; };
		D30DA90F196E721F0060107A /* Closures.swift */ = {isa = PBXFileReference; fileEncoding = 4; lastKnownFileType = sourcecode.swift; path = Closures.swift; sourceTree = "<group>"; };
		D30DA911196E74C10060107A /* Enumerations.swift */ = {isa = PBXFileReference; fileEncoding = 4; lastKnownFileType = sourcecode.swift; path = Enumerations.swift; sourceTree = "<group>"; };
		D30DA913196E75050060107A /* ClassesAndStructures.swift */ = {isa = PBXFileReference; fileEncoding = 4; lastKnownFileType = sourcecode.swift; path = ClassesAndStructures.swift; sourceTree = "<group>"; };
		D30DA915196E75290060107A /* Properties.swift */ = {isa = PBXFileReference; fileEncoding = 4; lastKnownFileType = sourcecode.swift; path = Properties.swift; sourceTree = "<group>"; };
		D30DA917196E75530060107A /* Methods.swift */ = {isa = PBXFileReference; fileEncoding = 4; lastKnownFileType = sourcecode.swift; path = Methods.swift; sourceTree = "<group>"; };
		D30DA919196E75800060107A /* Subscripts.swift */ = {isa = PBXFileReference; fileEncoding = 4; lastKnownFileType = sourcecode.swift; path = Subscripts.swift; sourceTree = "<group>"; };
		D30DA91B196E75DD0060107A /* Inheritance.swift */ = {isa = PBXFileReference; fileEncoding = 4; lastKnownFileType = sourcecode.swift; path = Inheritance.swift; sourceTree = "<group>"; };
		D30DA91D196E760F0060107A /* Initialization.swift */ = {isa = PBXFileReference; fileEncoding = 4; lastKnownFileType = sourcecode.swift; path = Initialization.swift; sourceTree = "<group>"; };
		D30DA91F196E77800060107A /* Deinitialization.swift */ = {isa = PBXFileReference; fileEncoding = 4; lastKnownFileType = sourcecode.swift; path = Deinitialization.swift; sourceTree = "<group>"; };
		D30DA921196E77AD0060107A /* SwiftARC.swift */ = {isa = PBXFileReference; fileEncoding = 4; lastKnownFileType = sourcecode.swift; path = SwiftARC.swift; sourceTree = "<group>"; };
		D30DA923196E78250060107A /* OptionalChaining.swift */ = {isa = PBXFileReference; fileEncoding = 4; lastKnownFileType = sourcecode.swift; path = OptionalChaining.swift; sourceTree = "<group>"; };
		D30DA925196E79990060107A /* TypeCasting.swift */ = {isa = PBXFileReference; fileEncoding = 4; lastKnownFileType = sourcecode.swift; path = TypeCasting.swift; sourceTree = "<group>"; };
		D30DA927196E79B90060107A /* NestedTypes.swift */ = {isa = PBXFileReference; fileEncoding = 4; lastKnownFileType = sourcecode.swift; path = NestedTypes.swift; sourceTree = "<group>"; };
		D30DA929196E79E90060107A /* Extensions.swift */ = {isa = PBXFileReference; fileEncoding = 4; lastKnownFileType = sourcecode.swift; path = Extensions.swift; sourceTree = "<group>"; };
		D30DA92B196E7A3E0060107A /* Protocols.swift */ = {isa = PBXFileReference; fileEncoding = 4; lastKnownFileType = sourcecode.swift; path = Protocols.swift; sourceTree = "<group>"; };
		D30DA92D196E7A6D0060107A /* Generics.swift */ = {isa = PBXFileReference; fileEncoding = 4; lastKnownFileType = sourcecode.swift; path = Generics.swift; sourceTree = "<group>"; };
		D30DA92F196E7ABB0060107A /* AdvancedOperators.swift */ = {isa = PBXFileReference; fileEncoding = 4; lastKnownFileType = sourcecode.swift; path = AdvancedOperators.swift; sourceTree = "<group>"; };
		D33E8424193DB97200A8BAF5 /* csjLoveSwift.app */ = {isa = PBXFileReference; explicitFileType = wrapper.application; includeInIndex = 0; path = csjLoveSwift.app; sourceTree = BUILT_PRODUCTS_DIR; };
		D33E8428193DB97200A8BAF5 /* Info.plist */ = {isa = PBXFileReference; lastKnownFileType = text.plist.xml; path = Info.plist; sourceTree = "<group>"; };
		D33E8429193DB97200A8BAF5 /* AppDelegate.swift */ = {isa = PBXFileReference; lastKnownFileType = sourcecode.swift; path = AppDelegate.swift; sourceTree = "<group>"; };
		D33E842E193DB97200A8BAF5 /* Base */ = {isa = PBXFileReference; lastKnownFileType = file.storyboard; name = Base; path = Base.lproj/Main.storyboard; sourceTree = "<group>"; };
		D33E8430193DB97200A8BAF5 /* Images.xcassets */ = {isa = PBXFileReference; lastKnownFileType = folder.assetcatalog; path = Images.xcassets; sourceTree = "<group>"; };
		D33E8436193DB97200A8BAF5 /* csjLoveSwiftTests.xctest */ = {isa = PBXFileReference; explicitFileType = wrapper.cfbundle; includeInIndex = 0; path = csjLoveSwiftTests.xctest; sourceTree = BUILT_PRODUCTS_DIR; };
		D33E843B193DB97200A8BAF5 /* Info.plist */ = {isa = PBXFileReference; lastKnownFileType = text.plist.xml; path = Info.plist; sourceTree = "<group>"; };
		D33E843C193DB97200A8BAF5 /* csjLoveSwiftTests.swift */ = {isa = PBXFileReference; lastKnownFileType = sourcecode.swift; path = csjLoveSwiftTests.swift; sourceTree = "<group>"; };
		D3784D2C194987FD00030DC9 /* CSJSwiftRequest.swift */ = {isa = PBXFileReference; fileEncoding = 4; lastKnownFileType = sourcecode.swift; path = CSJSwiftRequest.swift; sourceTree = "<group>"; };
		D3784D2F1949AC4500030DC9 /* Model.xcdatamodel */ = {isa = PBXFileReference; lastKnownFileType = wrapper.xcdatamodel; path = Model.xcdatamodel; sourceTree = "<group>"; };
		D38B55B51963EF7E009A24CA /* EquilateralTriangle.swift */ = {isa = PBXFileReference; fileEncoding = 4; lastKnownFileType = sourcecode.swift; path = EquilateralTriangle.swift; sourceTree = "<group>"; };
		D38B55B61963EF7E009A24CA /* NamedShape.swift */ = {isa = PBXFileReference; fileEncoding = 4; lastKnownFileType = sourcecode.swift; path = NamedShape.swift; sourceTree = "<group>"; };
		D38B55B71963EF7E009A24CA /* Shape.swift */ = {isa = PBXFileReference; fileEncoding = 4; lastKnownFileType = sourcecode.swift; path = Shape.swift; sourceTree = "<group>"; };
		D38B55B81963EF7E009A24CA /* Square.swift */ = {isa = PBXFileReference; fileEncoding = 4; lastKnownFileType = sourcecode.swift; path = Square.swift; sourceTree = "<group>"; };
		D38B55B91963EF7E009A24CA /* TriangleAndSquare.swift */ = {isa = PBXFileReference; fileEncoding = 4; lastKnownFileType = sourcecode.swift; path = TriangleAndSquare.swift; sourceTree = "<group>"; };
		D38E7D95194947B5005FE76E /* ViewController.swift */ = {isa = PBXFileReference; fileEncoding = 4; lastKnownFileType = sourcecode.swift; path = ViewController.swift; sourceTree = "<group>"; };
		D38E7D9B194947B5005FE76E /* TestViewController.swift */ = {isa = PBXFileReference; fileEncoding = 4; lastKnownFileType = sourcecode.swift; path = TestViewController.swift; sourceTree = "<group>"; };
		D38E7DA019494C91005FE76E /* NavGestureViewController.swift */ = {isa = PBXFileReference; fileEncoding = 4; lastKnownFileType = sourcecode.swift; path = NavGestureViewController.swift; sourceTree = "<group>"; };
		D38E7DA4194981BF005FE76E /* CSJSwiftLog.swift */ = {isa = PBXFileReference; fileEncoding = 4; lastKnownFileType = sourcecode.swift; path = CSJSwiftLog.swift; sourceTree = "<group>"; };
		D39C1361199073CD00D5A7CE /* TestBeta5ViewController.swift */ = {isa = PBXFileReference; fileEncoding = 4; lastKnownFileType = sourcecode.swift; path = TestBeta5ViewController.swift; sourceTree = "<group>"; };
		D3E3003E196D30B200B5BD4A /* Function.swift */ = {isa = PBXFileReference; fileEncoding = 4; lastKnownFileType = sourcecode.swift; path = Function.swift; sourceTree = "<group>"; };
		D3E9A8DD194AA166004F2A80 /* ThirdViewController.swift */ = {isa = PBXFileReference; fileEncoding = 4; lastKnownFileType = sourcecode.swift; path = ThirdViewController.swift; sourceTree = "<group>"; };
		D3E9A8DF194AA181004F2A80 /* SettingsViewController.swift */ = {isa = PBXFileReference; fileEncoding = 4; lastKnownFileType = sourcecode.swift; path = SettingsViewController.swift; sourceTree = "<group>"; };
		D3E9A8E1194AA18E004F2A80 /* SecondViewController.swift */ = {isa = PBXFileReference; fileEncoding = 4; lastKnownFileType = sourcecode.swift; path = SecondViewController.swift; sourceTree = "<group>"; };
		D3EBA3BD196BD0D8009D2B2B /* FirstBetaViewController.swift */ = {isa = PBXFileReference; fileEncoding = 4; lastKnownFileType = sourcecode.swift; path = FirstBetaViewController.swift; sourceTree = "<group>"; };
		D3F843691965306C008E140E /* ArrayAndDict.swift */ = {isa = PBXFileReference; fileEncoding = 4; lastKnownFileType = sourcecode.swift; path = ArrayAndDict.swift; sourceTree = "<group>"; };
		D3F8436B19653B5A008E140E /* wwdcRoom102.swift */ = {isa = PBXFileReference; fileEncoding = 4; lastKnownFileType = sourcecode.swift; path = wwdcRoom102.swift; sourceTree = "<group>"; };
		D3F8436D19653B79008E140E /* CSJSwiftViewController.swift */ = {isa = PBXFileReference; fileEncoding = 4; lastKnownFileType = sourcecode.swift; path = CSJSwiftViewController.swift; sourceTree = "<group>"; };
		D3F8437119654D60008E140E /* SwiftBasis.swift */ = {isa = PBXFileReference; fileEncoding = 4; lastKnownFileType = sourcecode.swift; path = SwiftBasis.swift; sourceTree = "<group>"; };
/* End PBXFileReference section */

/* Begin PBXFrameworksBuildPhase section */
		D33E8421193DB97200A8BAF5 /* Frameworks */ = {
			isa = PBXFrameworksBuildPhase;
			buildActionMask = 2147483647;
			files = (
			);
			runOnlyForDeploymentPostprocessing = 0;
		};
		D33E8433193DB97200A8BAF5 /* Frameworks */ = {
			isa = PBXFrameworksBuildPhase;
			buildActionMask = 2147483647;
			files = (
			);
			runOnlyForDeploymentPostprocessing = 0;
		};
/* End PBXFrameworksBuildPhase section */

/* Begin PBXGroup section */
		D33E841B193DB97100A8BAF5 = {
			isa = PBXGroup;
			children = (
				D33E8426193DB97200A8BAF5 /* csjLoveSwift */,
				D33E8439193DB97200A8BAF5 /* csjLoveSwiftTests */,
				D33E8425193DB97200A8BAF5 /* Products */,
			);
			sourceTree = "<group>";
		};
		D33E8425193DB97200A8BAF5 /* Products */ = {
			isa = PBXGroup;
			children = (
				D33E8424193DB97200A8BAF5 /* csjLoveSwift.app */,
				D33E8436193DB97200A8BAF5 /* csjLoveSwiftTests.xctest */,
			);
			name = Products;
			sourceTree = "<group>";
		};
		D33E8426193DB97200A8BAF5 /* csjLoveSwift */ = {
			isa = PBXGroup;
			children = (
				D38E7D99194947B5005FE76E /* COMMON */,
				D38E7D9C194947B5005FE76E /* DataBase */,
				D38E7D92194947B5005FE76E /* CLASS */,
				D38E7D9A194947B5005FE76E /* CustomView */,
				D33E8429193DB97200A8BAF5 /* AppDelegate.swift */,
				D33E842D193DB97200A8BAF5 /* Main.storyboard */,
				D33E8430193DB97200A8BAF5 /* Images.xcassets */,
				D33E8427193DB97200A8BAF5 /* Supporting Files */,
			);
			path = csjLoveSwift;
			sourceTree = "<group>";
		};
		D33E8427193DB97200A8BAF5 /* Supporting Files */ = {
			isa = PBXGroup;
			children = (
				D33E8428193DB97200A8BAF5 /* Info.plist */,
			);
			name = "Supporting Files";
			sourceTree = "<group>";
		};
		D33E8439193DB97200A8BAF5 /* csjLoveSwiftTests */ = {
			isa = PBXGroup;
			children = (
				D33E843C193DB97200A8BAF5 /* csjLoveSwiftTests.swift */,
				D33E843A193DB97200A8BAF5 /* Supporting Files */,
			);
			path = csjLoveSwiftTests;
			sourceTree = "<group>";
		};
		D33E843A193DB97200A8BAF5 /* Supporting Files */ = {
			isa = PBXGroup;
			children = (
				D33E843B193DB97200A8BAF5 /* Info.plist */,
			);
			name = "Supporting Files";
			sourceTree = "<group>";
		};
		D38B55B41963EF7E009A24CA /* objc */ = {
			isa = PBXGroup;
			children = (
				D38B55B51963EF7E009A24CA /* EquilateralTriangle.swift */,
				D38B55B61963EF7E009A24CA /* NamedShape.swift */,
				D38B55B71963EF7E009A24CA /* Shape.swift */,
				D38B55B81963EF7E009A24CA /* Square.swift */,
				D38B55B91963EF7E009A24CA /* TriangleAndSquare.swift */,
			);
			path = objc;
			sourceTree = "<group>";
		};
		D38E7D92194947B5005FE76E /* CLASS */ = {
			isa = PBXGroup;
			children = (
				D38E7D93194947B5005FE76E /* First */,
				D38E7D97194947B5005FE76E /* Second */,
				D38E7D98194947B5005FE76E /* Third */,
				D38E7D96194947B5005FE76E /* Fourth */,
			);
			path = CLASS;
			sourceTree = "<group>";
		};
		D38E7D93194947B5005FE76E /* First */ = {
			isa = PBXGroup;
			children = (
				D38B55B41963EF7E009A24CA /* objc */,
				D39C1361199073CD00D5A7CE /* TestBeta5ViewController.swift */,
				D3F8436D19653B79008E140E /* CSJSwiftViewController.swift */,
				D38E7D95194947B5005FE76E /* ViewController.swift */,
				D3EBA3BD196BD0D8009D2B2B /* FirstBetaViewController.swift */,
				D3F8436B19653B5A008E140E /* wwdcRoom102.swift */,
				D3F8437119654D60008E140E /* SwiftBasis.swift */,
				B005207819694BD1005C07E0 /* SwiftString.swift */,
				D3F843691965306C008E140E /* ArrayAndDict.swift */,
				B0B31061196AF05D00485D2E /* ControlFlow.swift */,
				D3E3003E196D30B200B5BD4A /* Function.swift */,
				D30DA90F196E721F0060107A /* Closures.swift */,
				D30DA911196E74C10060107A /* Enumerations.swift */,
				D30DA913196E75050060107A /* ClassesAndStructures.swift */,
				D30DA915196E75290060107A /* Properties.swift */,
				D30DA917196E75530060107A /* Methods.swift */,
				D30DA919196E75800060107A /* Subscripts.swift */,
				D30DA91B196E75DD0060107A /* Inheritance.swift */,
				D30DA91D196E760F0060107A /* Initialization.swift */,
				D30DA91F196E77800060107A /* Deinitialization.swift */,
				D30DA921196E77AD0060107A /* SwiftARC.swift */,
				D30DA923196E78250060107A /* OptionalChaining.swift */,
				D30DA925196E79990060107A /* TypeCasting.swift */,
				D30DA927196E79B90060107A /* NestedTypes.swift */,
				D30DA929196E79E90060107A /* Extensions.swift */,
				D30DA92B196E7A3E0060107A /* Protocols.swift */,
				D30DA92D196E7A6D0060107A /* Generics.swift */,
				D30DA92F196E7ABB0060107A /* AdvancedOperators.swift */,
			);
			path = First;
			sourceTree = "<group>";
		};
		D38E7D96194947B5005FE76E /* Fourth */ = {
			isa = PBXGroup;
			children = (
				D3E9A8DF194AA181004F2A80 /* SettingsViewController.swift */,
			);
			path = Fourth;
			sourceTree = "<group>";
		};
		D38E7D97194947B5005FE76E /* Second */ = {
			isa = PBXGroup;
			children = (
				D3E9A8E1194AA18E004F2A80 /* SecondViewController.swift */,
			);
			path = Second;
			sourceTree = "<group>";
		};
		D38E7D98194947B5005FE76E /* Third */ = {
			isa = PBXGroup;
			children = (
				D3E9A8DD194AA166004F2A80 /* ThirdViewController.swift */,
			);
			path = Third;
			sourceTree = "<group>";
		};
		D38E7D99194947B5005FE76E /* COMMON */ = {
			isa = PBXGroup;
			children = (
				D38E7DA019494C91005FE76E /* NavGestureViewController.swift */,
				D38E7DA4194981BF005FE76E /* CSJSwiftLog.swift */,
				D3784D2C194987FD00030DC9 /* CSJSwiftRequest.swift */,
			);
			path = COMMON;
			sourceTree = "<group>";
		};
		D38E7D9A194947B5005FE76E /* CustomView */ = {
			isa = PBXGroup;
			children = (
				D38E7D9B194947B5005FE76E /* TestViewController.swift */,
			);
			path = CustomView;
			sourceTree = "<group>";
		};
		D38E7D9C194947B5005FE76E /* DataBase */ = {
			isa = PBXGroup;
			children = (
				D3784D2E1949AC4500030DC9 /* Model.xcdatamodeld */,
			);
			path = DataBase;
			sourceTree = "<group>";
		};
/* End PBXGroup section */

/* Begin PBXNativeTarget section */
		D33E8423193DB97200A8BAF5 /* csjLoveSwift */ = {
			isa = PBXNativeTarget;
			buildConfigurationList = D33E8440193DB97200A8BAF5 /* Build configuration list for PBXNativeTarget "csjLoveSwift" */;
			buildPhases = (
				D33E8420193DB97200A8BAF5 /* Sources */,
				D33E8421193DB97200A8BAF5 /* Frameworks */,
				D33E8422193DB97200A8BAF5 /* Resources */,
			);
			buildRules = (
			);
			dependencies = (
			);
			name = csjLoveSwift;
			productName = csjLoveSwift;
			productReference = D33E8424193DB97200A8BAF5 /* csjLoveSwift.app */;
			productType = "com.apple.product-type.application";
		};
		D33E8435193DB97200A8BAF5 /* csjLoveSwiftTests */ = {
			isa = PBXNativeTarget;
			buildConfigurationList = D33E8443193DB97200A8BAF5 /* Build configuration list for PBXNativeTarget "csjLoveSwiftTests" */;
			buildPhases = (
				D33E8432193DB97200A8BAF5 /* Sources */,
				D33E8433193DB97200A8BAF5 /* Frameworks */,
				D33E8434193DB97200A8BAF5 /* Resources */,
			);
			buildRules = (
			);
			dependencies = (
				D33E8438193DB97200A8BAF5 /* PBXTargetDependency */,
			);
			name = csjLoveSwiftTests;
			productName = csjLoveSwiftTests;
			productReference = D33E8436193DB97200A8BAF5 /* csjLoveSwiftTests.xctest */;
			productType = "com.apple.product-type.bundle.unit-test";
		};
/* End PBXNativeTarget section */

/* Begin PBXProject section */
		D33E841C193DB97100A8BAF5 /* Project object */ = {
			isa = PBXProject;
			attributes = {
				LastUpgradeCheck = 0600;
				ORGANIZATIONNAME = iceesj;
				TargetAttributes = {
					D33E8423193DB97200A8BAF5 = {
						CreatedOnToolsVersion = 6.0;
					};
					D33E8435193DB97200A8BAF5 = {
						CreatedOnToolsVersion = 6.0;
						TestTargetID = D33E8423193DB97200A8BAF5;
					};
				};
			};
			buildConfigurationList = D33E841F193DB97100A8BAF5 /* Build configuration list for PBXProject "csjLoveSwift" */;
			compatibilityVersion = "Xcode 3.2";
			developmentRegion = English;
			hasScannedForEncodings = 0;
			knownRegions = (
				en,
				Base,
			);
			mainGroup = D33E841B193DB97100A8BAF5;
			productRefGroup = D33E8425193DB97200A8BAF5 /* Products */;
			projectDirPath = "";
			projectRoot = "";
			targets = (
				D33E8423193DB97200A8BAF5 /* csjLoveSwift */,
				D33E8435193DB97200A8BAF5 /* csjLoveSwiftTests */,
			);
		};
/* End PBXProject section */

/* Begin PBXResourcesBuildPhase section */
		D33E8422193DB97200A8BAF5 /* Resources */ = {
			isa = PBXResourcesBuildPhase;
			buildActionMask = 2147483647;
			files = (
				D33E842F193DB97200A8BAF5 /* Main.storyboard in Resources */,
				D33E8431193DB97200A8BAF5 /* Images.xcassets in Resources */,
			);
			runOnlyForDeploymentPostprocessing = 0;
		};
		D33E8434193DB97200A8BAF5 /* Resources */ = {
			isa = PBXResourcesBuildPhase;
			buildActionMask = 2147483647;
			files = (
			);
			runOnlyForDeploymentPostprocessing = 0;
		};
/* End PBXResourcesBuildPhase section */

/* Begin PBXSourcesBuildPhase section */
		D33E8420193DB97200A8BAF5 /* Sources */ = {
			isa = PBXSourcesBuildPhase;
			buildActionMask = 2147483647;
			files = (
				D30DA924196E78250060107A /* OptionalChaining.swift in Sources */,
				D38B55BD1963EF7E009A24CA /* Square.swift in Sources */,
				D3F8436C19653B5A008E140E /* wwdcRoom102.swift in Sources */,
				D30DA920196E77800060107A /* Deinitialization.swift in Sources */,
				D30DA91C196E75DD0060107A /* Inheritance.swift in Sources */,
				D3E9A8E2194AA18E004F2A80 /* SecondViewController.swift in Sources */,
				D30DA91E196E760F0060107A /* Initialization.swift in Sources */,
				D38E7D9E194947B5005FE76E /* ViewController.swift in Sources */,
				D30DA914196E75050060107A /* ClassesAndStructures.swift in Sources */,
				D30DA92C196E7A3E0060107A /* Protocols.swift in Sources */,
				D38E7DA5194981BF005FE76E /* CSJSwiftLog.swift in Sources */,
				D38B55BC1963EF7E009A24CA /* Shape.swift in Sources */,
				D3F8437219654D60008E140E /* SwiftBasis.swift in Sources */,
				D30DA928196E79B90060107A /* NestedTypes.swift in Sources */,
				D30DA918196E75530060107A /* Methods.swift in Sources */,
				D30DA92A196E79E90060107A /* Extensions.swift in Sources */,
				D3E9A8DE194AA166004F2A80 /* ThirdViewController.swift in Sources */,
				D3F8436A1965306C008E140E /* ArrayAndDict.swift in Sources */,
				D3E9A8E0194AA181004F2A80 /* SettingsViewController.swift in Sources */,
				D39C1362199073CD00D5A7CE /* TestBeta5ViewController.swift in Sources */,
				D30DA926196E79990060107A /* TypeCasting.swift in Sources */,
				D30DA91A196E75800060107A /* Subscripts.swift in Sources */,
				D33E842A193DB97200A8BAF5 /* AppDelegate.swift in Sources */,
				B005207919694BD1005C07E0 /* SwiftString.swift in Sources */,
				D30DA930196E7ABB0060107A /* AdvancedOperators.swift in Sources */,
				D38E7D9F194947B5005FE76E /* TestViewController.swift in Sources */,
				D30DA912196E74C10060107A /* Enumerations.swift in Sources */,
				D38B55BA1963EF7E009A24CA /* EquilateralTriangle.swift in Sources */,
				D38B55BB1963EF7E009A24CA /* NamedShape.swift in Sources */,
				D38B55BE1963EF7E009A24CA /* TriangleAndSquare.swift in Sources */,
				D30DA916196E75290060107A /* Properties.swift in Sources */,
				D3E3003F196D30B200B5BD4A /* Function.swift in Sources */,
				D30DA92E196E7A6D0060107A /* Generics.swift in Sources */,
				D30DA910196E721F0060107A /* Closures.swift in Sources */,
				B0B31062196AF05D00485D2E /* ControlFlow.swift in Sources */,
				D3784D301949AC4500030DC9 /* Model.xcdatamodeld in Sources */,
				D3EBA3BE196BD0D8009D2B2B /* FirstBetaViewController.swift in Sources */,
				D38E7DA119494C91005FE76E /* NavGestureViewController.swift in Sources */,
				D30DA922196E77AD0060107A /* SwiftARC.swift in Sources */,
				D3F8436E19653B79008E140E /* CSJSwiftViewController.swift in Sources */,
				D3784D2D194987FD00030DC9 /* CSJSwiftRequest.swift in Sources */,
			);
			runOnlyForDeploymentPostprocessing = 0;
		};
		D33E8432193DB97200A8BAF5 /* Sources */ = {
			isa = PBXSourcesBuildPhase;
			buildActionMask = 2147483647;
			files = (
				D33E843D193DB97200A8BAF5 /* csjLoveSwiftTests.swift in Sources */,
			);
			runOnlyForDeploymentPostprocessing = 0;
		};
/* End PBXSourcesBuildPhase section */

/* Begin PBXTargetDependency section */
		D33E8438193DB97200A8BAF5 /* PBXTargetDependency */ = {
			isa = PBXTargetDependency;
			target = D33E8423193DB97200A8BAF5 /* csjLoveSwift */;
			targetProxy = D33E8437193DB97200A8BAF5 /* PBXContainerItemProxy */;
		};
/* End PBXTargetDependency section */

/* Begin PBXVariantGroup section */
		D33E842D193DB97200A8BAF5 /* Main.storyboard */ = {
			isa = PBXVariantGroup;
			children = (
				D33E842E193DB97200A8BAF5 /* Base */,
			);
			name = Main.storyboard;
			sourceTree = "<group>";
		};
/* End PBXVariantGroup section */

/* Begin XCBuildConfiguration section */
		D33E843E193DB97200A8BAF5 /* Debug */ = {
			isa = XCBuildConfiguration;
			buildSettings = {
				ALWAYS_SEARCH_USER_PATHS = NO;
				CLANG_CXX_LANGUAGE_STANDARD = "gnu++0x";
				CLANG_CXX_LIBRARY = "libc++";
				CLANG_ENABLE_MODULES = YES;
				CLANG_ENABLE_OBJC_ARC = YES;
				CLANG_WARN_BOOL_CONVERSION = YES;
				CLANG_WARN_CONSTANT_CONVERSION = YES;
				CLANG_WARN_DIRECT_OBJC_ISA_USAGE = YES_ERROR;
				CLANG_WARN_EMPTY_BODY = YES;
				CLANG_WARN_ENUM_CONVERSION = YES;
				CLANG_WARN_INT_CONVERSION = YES;
				CLANG_WARN_OBJC_ROOT_CLASS = YES_ERROR;
				CLANG_WARN_UNREACHABLE_CODE = YES;
				CLANG_WARN__DUPLICATE_METHOD_MATCH = YES;
				"CODE_SIGN_IDENTITY[sdk=iphoneos*]" = "iPhone Developer";
				COPY_PHASE_STRIP = NO;
				ENABLE_STRICT_OBJC_MSGSEND = YES;
				GCC_C_LANGUAGE_STANDARD = gnu99;
				GCC_DYNAMIC_NO_PIC = NO;
				GCC_OPTIMIZATION_LEVEL = 0;
				GCC_PREPROCESSOR_DEFINITIONS = (
					"DEBUG=1",
					"$(inherited)",
				);
				GCC_SYMBOLS_PRIVATE_EXTERN = NO;
				GCC_WARN_64_TO_32_BIT_CONVERSION = YES;
				GCC_WARN_ABOUT_RETURN_TYPE = YES_ERROR;
				GCC_WARN_UNDECLARED_SELECTOR = YES;
				GCC_WARN_UNINITIALIZED_AUTOS = YES_AGGRESSIVE;
				GCC_WARN_UNUSED_FUNCTION = YES;
				GCC_WARN_UNUSED_VARIABLE = YES;
				IPHONEOS_DEPLOYMENT_TARGET = 8.0;
				METAL_ENABLE_DEBUG_INFO = YES;
				ONLY_ACTIVE_ARCH = YES;
				SDKROOT = iphoneos;
				SWIFT_OPTIMIZATION_LEVEL = "-Onone";
			};
			name = Debug;
		};
		D33E843F193DB97200A8BAF5 /* Release */ = {
			isa = XCBuildConfiguration;
			buildSettings = {
				ALWAYS_SEARCH_USER_PATHS = NO;
				CLANG_CXX_LANGUAGE_STANDARD = "gnu++0x";
				CLANG_CXX_LIBRARY = "libc++";
				CLANG_ENABLE_MODULES = YES;
				CLANG_ENABLE_OBJC_ARC = YES;
				CLANG_WARN_BOOL_CONVERSION = YES;
				CLANG_WARN_CONSTANT_CONVERSION = YES;
				CLANG_WARN_DIRECT_OBJC_ISA_USAGE = YES_ERROR;
				CLANG_WARN_EMPTY_BODY = YES;
				CLANG_WARN_ENUM_CONVERSION = YES;
				CLANG_WARN_INT_CONVERSION = YES;
				CLANG_WARN_OBJC_ROOT_CLASS = YES_ERROR;
				CLANG_WARN_UNREACHABLE_CODE = YES;
				CLANG_WARN__DUPLICATE_METHOD_MATCH = YES;
				"CODE_SIGN_IDENTITY[sdk=iphoneos*]" = "iPhone Developer";
				COPY_PHASE_STRIP = YES;
				ENABLE_NS_ASSERTIONS = NO;
				ENABLE_STRICT_OBJC_MSGSEND = YES;
				GCC_C_LANGUAGE_STANDARD = gnu99;
				GCC_WARN_64_TO_32_BIT_CONVERSION = YES;
				GCC_WARN_ABOUT_RETURN_TYPE = YES_ERROR;
				GCC_WARN_UNDECLARED_SELECTOR = YES;
				GCC_WARN_UNINITIALIZED_AUTOS = YES_AGGRESSIVE;
				GCC_WARN_UNUSED_FUNCTION = YES;
				GCC_WARN_UNUSED_VARIABLE = YES;
				IPHONEOS_DEPLOYMENT_TARGET = 8.0;
				METAL_ENABLE_DEBUG_INFO = NO;
				SDKROOT = iphoneos;
				VALIDATE_PRODUCT = YES;
			};
			name = Release;
		};
		D33E8441193DB97200A8BAF5 /* Debug */ = {
			isa = XCBuildConfiguration;
			buildSettings = {
				ASSETCATALOG_COMPILER_APPICON_NAME = AppIcon;
				ASSETCATALOG_COMPILER_LAUNCHIMAGE_NAME = LaunchImage;
				INFOPLIST_FILE = csjLoveSwift/Info.plist;
				IPHONEOS_DEPLOYMENT_TARGET = 7.0;
				LD_RUNPATH_SEARCH_PATHS = "$(inherited) @executable_path/Frameworks";
				PRODUCT_NAME = "$(TARGET_NAME)";
			};
			name = Debug;
		};
		D33E8442193DB97200A8BAF5 /* Release */ = {
			isa = XCBuildConfiguration;
			buildSettings = {
				ASSETCATALOG_COMPILER_APPICON_NAME = AppIcon;
				ASSETCATALOG_COMPILER_LAUNCHIMAGE_NAME = LaunchImage;
				INFOPLIST_FILE = csjLoveSwift/Info.plist;
				IPHONEOS_DEPLOYMENT_TARGET = 7.0;
				LD_RUNPATH_SEARCH_PATHS = "$(inherited) @executable_path/Frameworks";
				PRODUCT_NAME = "$(TARGET_NAME)";
			};
			name = Release;
		};
		D33E8444193DB97200A8BAF5 /* Debug */ = {
			isa = XCBuildConfiguration;
			buildSettings = {
				BUNDLE_LOADER = "$(BUILT_PRODUCTS_DIR)/csjLoveSwift.app/csjLoveSwift";
				FRAMEWORK_SEARCH_PATHS = (
					"$(SDKROOT)/Developer/Library/Frameworks",
					"$(inherited)",
				);
				GCC_PREPROCESSOR_DEFINITIONS = (
					"DEBUG=1",
					"$(inherited)",
				);
				INFOPLIST_FILE = csjLoveSwiftTests/Info.plist;
				LD_RUNPATH_SEARCH_PATHS = "$(inherited) @executable_path/Frameworks @loader_path/Frameworks";
				METAL_ENABLE_DEBUG_INFO = YES;
				PRODUCT_NAME = "$(TARGET_NAME)";
				TEST_HOST = "$(BUNDLE_LOADER)";
			};
			name = Debug;
		};
		D33E8445193DB97200A8BAF5 /* Release */ = {
			isa = XCBuildConfiguration;
			buildSettings = {
				BUNDLE_LOADER = "$(BUILT_PRODUCTS_DIR)/csjLoveSwift.app/csjLoveSwift";
				FRAMEWORK_SEARCH_PATHS = (
					"$(SDKROOT)/Developer/Library/Frameworks",
					"$(inherited)",
				);
				INFOPLIST_FILE = csjLoveSwiftTests/Info.plist;
				LD_RUNPATH_SEARCH_PATHS = "$(inherited) @executable_path/Frameworks @loader_path/Frameworks";
				METAL_ENABLE_DEBUG_INFO = NO;
				PRODUCT_NAME = "$(TARGET_NAME)";
				TEST_HOST = "$(BUNDLE_LOADER)";
			};
			name = Release;
		};
/* End XCBuildConfiguration section */

/* Begin XCConfigurationList section */
		D33E841F193DB97100A8BAF5 /* Build configuration list for PBXProject "csjLoveSwift" */ = {
			isa = XCConfigurationList;
			buildConfigurations = (
				D33E843E193DB97200A8BAF5 /* Debug */,
				D33E843F193DB97200A8BAF5 /* Release */,
			);
			defaultConfigurationIsVisible = 0;
			defaultConfigurationName = Release;
		};
		D33E8440193DB97200A8BAF5 /* Build configuration list for PBXNativeTarget "csjLoveSwift" */ = {
			isa = XCConfigurationList;
			buildConfigurations = (
				D33E8441193DB97200A8BAF5 /* Debug */,
				D33E8442193DB97200A8BAF5 /* Release */,
			);
			defaultConfigurationIsVisible = 0;
			defaultConfigurationName = Release;
		};
		D33E8443193DB97200A8BAF5 /* Build configuration list for PBXNativeTarget "csjLoveSwiftTests" */ = {
			isa = XCConfigurationList;
			buildConfigurations = (
				D33E8444193DB97200A8BAF5 /* Debug */,
				D33E8445193DB97200A8BAF5 /* Release */,
			);
			defaultConfigurationIsVisible = 0;
			defaultConfigurationName = Release;
		};
/* End XCConfigurationList section */

/* Begin XCVersionGroup section */
		D3784D2E1949AC4500030DC9 /* Model.xcdatamodeld */ = {
			isa = XCVersionGroup;
			children = (
				D3784D2F1949AC4500030DC9 /* Model.xcdatamodel */,
			);
			currentVersion = D3784D2F1949AC4500030DC9 /* Model.xcdatamodel */;
			path = Model.xcdatamodeld;
			sourceTree = "<group>";
			versionGroupType = wrapper.xcdatamodel;
		};
/* End XCVersionGroup section */
	};
	rootObject = D33E841C193DB97100A8BAF5 /* Project object */;
}
